
Microsoft Visual Studio Solution File, Format Version 12.00
# Visual Studio Version 16
VisualStudioVersion = 16.0.30804.86
MinimumVisualStudioVersion = 10.0.40219.1
Project("{FAE04EC0-301F-11D3-BF4B-00C04F79EFBC}") = "cednetcoreapiapp", "cednetcoreapiapp\cednetcoreapiapp.csproj", "{AB3F7D81-39B8-41DE-AB04-92111EA8C33B}"
EndProject
Global
	GlobalSection(SolutionConfigurationPlatforms) = preSolution
		Debug|Any CPU = Debug|Any CPU
		Release|Any CPU = Release|Any CPU
	EndGlobalSection
	GlobalSection(ProjectConfigurationPlatforms) = postSolution
		{AB3F7D81-39B8-41DE-AB04-92111EA8C33B}.Debug|Any CPU.ActiveCfg = Debug|Any CPU
		{AB3F7D81-39B8-41DE-AB04-92111EA8C33B}.Debug|Any CPU.Build.0 = Debug|Any CPU
		{AB3F7D81-39B8-41DE-AB04-92111EA8C33B}.Release|Any CPU.ActiveCfg = Release|Any CPU
		{AB3F7D81-39B8-41DE-AB04-92111EA8C33B}.Release|Any CPU.Build.0 = Release|Any CPU
	EndGlobalSection
	GlobalSection(SolutionProperties) = preSolution
		HideSolutionNode = FALSE
	EndGlobalSection
	GlobalSection(ExtensibilityGlobals) = postSolution
		SolutionGuid = {2609FBB6-EE74-4E50-B83D-85DB54CA59E6}
	EndGlobalSection
EndGlobal
